
Microsoft Visual Studio Solution File, Format Version 12.00
# Visual Studio Version 17
VisualStudioVersion = 17.1.31903.286
MinimumVisualStudioVersion = 10.0.40219.1
Project("{FAE04EC0-301F-11D3-BF4B-00C04F79EFBC}") = "CSharp10", "CSharp10\CSharp10.csproj", "{0B92F1E1-9A94-41F1-9FF0-478E9AEED4B1}"
EndProject
Project("{FAE04EC0-301F-11D3-BF4B-00C04F79EFBC}") = "CSharpBefore10", "CSharpBefore10\CSharpBefore10.csproj", "{DA49F224-0980-48A7-8C4A-7E0531B1C040}"
EndProject
Project("{FAE04EC0-301F-11D3-BF4B-00C04F79EFBC}") = "CSharp10.Tests", "CSharp10.Tests\CSharp10.Tests.csproj", "{2CB277A9-5431-4C70-94C7-C86CC2010904}"
EndProject
Project("{FAE04EC0-301F-11D3-BF4B-00C04F79EFBC}") = "CSharpBefore10.Tests", "CSharpBefore10.Tests\CSharpBefore10.Tests.csproj", "{0809E2F2-1E34-49F2-987E-4B7A18AD34C6}"
EndProject
Project("{2150E333-8FDC-42A3-9474-1A3956D46DE8}") = "CSharp10Projects", "CSharp10Projects", "{355E669A-6238-490C-B5D6-83F9933FC949}"
EndProject
Project("{2150E333-8FDC-42A3-9474-1A3956D46DE8}") = "CSharpBefore10Projects", "CSharpBefore10Projects", "{50BC949C-570C-4FCE-BA29-6FE6D21A1DDA}"
EndProject
Global
	GlobalSection(SolutionConfigurationPlatforms) = preSolution
		Debug|Any CPU = Debug|Any CPU
		Release|Any CPU = Release|Any CPU
	EndGlobalSection
	GlobalSection(ProjectConfigurationPlatforms) = postSolution
		{0B92F1E1-9A94-41F1-9FF0-478E9AEED4B1}.Debug|Any CPU.ActiveCfg = Debug|Any CPU
		{0B92F1E1-9A94-41F1-9FF0-478E9AEED4B1}.Debug|Any CPU.Build.0 = Debug|Any CPU
		{0B92F1E1-9A94-41F1-9FF0-478E9AEED4B1}.Release|Any CPU.ActiveCfg = Release|Any CPU
		{0B92F1E1-9A94-41F1-9FF0-478E9AEED4B1}.Release|Any CPU.Build.0 = Release|Any CPU
		{DA49F224-0980-48A7-8C4A-7E0531B1C040}.Debug|Any CPU.ActiveCfg = Debug|Any CPU
		{DA49F224-0980-48A7-8C4A-7E0531B1C040}.Debug|Any CPU.Build.0 = Debug|Any CPU
		{DA49F224-0980-48A7-8C4A-7E0531B1C040}.Release|Any CPU.ActiveCfg = Release|Any CPU
		{DA49F224-0980-48A7-8C4A-7E0531B1C040}.Release|Any CPU.Build.0 = Release|Any CPU
		{2CB277A9-5431-4C70-94C7-C86CC2010904}.Debug|Any CPU.ActiveCfg = Debug|Any CPU
		{2CB277A9-5431-4C70-94C7-C86CC2010904}.Debug|Any CPU.Build.0 = Debug|Any CPU
		{2CB277A9-5431-4C70-94C7-C86CC2010904}.Release|Any CPU.ActiveCfg = Release|Any CPU
		{2CB277A9-5431-4C70-94C7-C86CC2010904}.Release|Any CPU.Build.0 = Release|Any CPU
		{0809E2F2-1E34-49F2-987E-4B7A18AD34C6}.Debug|Any CPU.ActiveCfg = Debug|Any CPU
		{0809E2F2-1E34-49F2-987E-4B7A18AD34C6}.Debug|Any CPU.Build.0 = Debug|Any CPU
		{0809E2F2-1E34-49F2-987E-4B7A18AD34C6}.Release|Any CPU.ActiveCfg = Release|Any CPU
		{0809E2F2-1E34-49F2-987E-4B7A18AD34C6}.Release|Any CPU.Build.0 = Release|Any CPU
	EndGlobalSection
	GlobalSection(SolutionProperties) = preSolution
		HideSolutionNode = FALSE
	EndGlobalSection
	GlobalSection(NestedProjects) = preSolution
		{0B92F1E1-9A94-41F1-9FF0-478E9AEED4B1} = {355E669A-6238-490C-B5D6-83F9933FC949}
		{DA49F224-0980-48A7-8C4A-7E0531B1C040} = {50BC949C-570C-4FCE-BA29-6FE6D21A1DDA}
		{2CB277A9-5431-4C70-94C7-C86CC2010904} = {355E669A-6238-490C-B5D6-83F9933FC949}
		{0809E2F2-1E34-49F2-987E-4B7A18AD34C6} = {50BC949C-570C-4FCE-BA29-6FE6D21A1DDA}
	EndGlobalSection
	GlobalSection(ExtensibilityGlobals) = postSolution
		SolutionGuid = {12B7F938-5DA7-4FE1-AC64-3FAA878E4063}
	EndGlobalSection
EndGlobal
